
Microsoft Visual Studio Solution File, Format Version 12.00
# Visual Studio Version 17
VisualStudioVersion = 17.8.34330.188
MinimumVisualStudioVersion = 10.0.40219.1
Project("{9A19103F-16F7-4668-BE54-9A1E7A4F7556}") = "GraphQl.Domain", "GraphQl.Domain\GraphQl.Domain.csproj", "{61FD23FA-F31D-4EAE-B906-B32AA5053159}"
EndProject
Project("{FAE04EC0-301F-11D3-BF4B-00C04F79EFBC}") = "GraphQl.Api", "GraphQl.Api\GraphQl.Api.csproj", "{38FA5B4E-23AC-4E87-A43A-4A0B53409781}"
EndProject
Project("{FAE04EC0-301F-11D3-BF4B-00C04F79EFBC}") = "GraphQl.Grpc", "GraphQl.Grpc\GraphQl.Grpc.csproj", "{0EA970F5-13E9-4E3B-A5B7-2DE999386390}"
EndProject
Project("{FAE04EC0-301F-11D3-BF4B-00C04F79EFBC}") = "GraphQl.GraphQl", "GraphQl.GraphQl\GraphQl.GraphQl.csproj", "{AB0F991F-DCDE-4784-8040-BF5EFEE5A965}"
EndProject
Global
	GlobalSection(SolutionConfigurationPlatforms) = preSolution
		Debug|Any CPU = Debug|Any CPU
		Release|Any CPU = Release|Any CPU
	EndGlobalSection
	GlobalSection(ProjectConfigurationPlatforms) = postSolution
		{61FD23FA-F31D-4EAE-B906-B32AA5053159}.Debug|Any CPU.ActiveCfg = Debug|Any CPU
		{61FD23FA-F31D-4EAE-B906-B32AA5053159}.Debug|Any CPU.Build.0 = Debug|Any CPU
		{61FD23FA-F31D-4EAE-B906-B32AA5053159}.Release|Any CPU.ActiveCfg = Release|Any CPU
		{61FD23FA-F31D-4EAE-B906-B32AA5053159}.Release|Any CPU.Build.0 = Release|Any CPU
		{38FA5B4E-23AC-4E87-A43A-4A0B53409781}.Debug|Any CPU.ActiveCfg = Debug|Any CPU
		{38FA5B4E-23AC-4E87-A43A-4A0B53409781}.Debug|Any CPU.Build.0 = Debug|Any CPU
		{38FA5B4E-23AC-4E87-A43A-4A0B53409781}.Release|Any CPU.ActiveCfg = Release|Any CPU
		{38FA5B4E-23AC-4E87-A43A-4A0B53409781}.Release|Any CPU.Build.0 = Release|Any CPU
		{0EA970F5-13E9-4E3B-A5B7-2DE999386390}.Debug|Any CPU.ActiveCfg = Debug|Any CPU
		{0EA970F5-13E9-4E3B-A5B7-2DE999386390}.Debug|Any CPU.Build.0 = Debug|Any CPU
		{0EA970F5-13E9-4E3B-A5B7-2DE999386390}.Release|Any CPU.ActiveCfg = Release|Any CPU
		{0EA970F5-13E9-4E3B-A5B7-2DE999386390}.Release|Any CPU.Build.0 = Release|Any CPU
		{AB0F991F-DCDE-4784-8040-BF5EFEE5A965}.Debug|Any CPU.ActiveCfg = Debug|Any CPU
		{AB0F991F-DCDE-4784-8040-BF5EFEE5A965}.Debug|Any CPU.Build.0 = Debug|Any CPU
		{AB0F991F-DCDE-4784-8040-BF5EFEE5A965}.Release|Any CPU.ActiveCfg = Release|Any CPU
		{AB0F991F-DCDE-4784-8040-BF5EFEE5A965}.Release|Any CPU.Build.0 = Release|Any CPU
	EndGlobalSection
	GlobalSection(SolutionProperties) = preSolution
		HideSolutionNode = FALSE
	EndGlobalSection
	GlobalSection(ExtensibilityGlobals) = postSolution
		SolutionGuid = {BC0FE1AA-C6B8-4F1E-9404-4D9979354015}
	EndGlobalSection
EndGlobal
